
Microsoft Visual Studio Solution File, Format Version 12.00
# Visual Studio 14
VisualStudioVersion = 14.0.25420.1
MinimumVisualStudioVersion = 10.0.40219.1
Project("{8BC9CEB8-8B4A-11D0-8D11-00A0C91BC942}") = "SMB-172.2", "SMB-172.2\SMB-172.2.vcxproj", "{9EAA7594-40AC-41AA-89B2-C858155D51AA}"
EndProject
Project("{8BC9CEB8-8B4A-11D0-8D11-00A0C91BC942}") = "Structures", "Structures\Structures.vcxproj", "{54B39AA5-07DF-4403-99AD-F75018CAB094}"
EndProject
Project("{8BC9CEB8-8B4A-11D0-8D11-00A0C91BC942}") = "Pointers", "Pointers\Pointers.vcxproj", "{E163F681-20B8-4E07-85E7-3AEE8E9B725C}"
EndProject
Project("{8BC9CEB8-8B4A-11D0-8D11-00A0C91BC942}") = "Recursion", "Recursion\Recursion.vcxproj", "{AC34CC21-DA6F-4410-90DD-0904492A3C51}"
EndProject
Project("{8BC9CEB8-8B4A-11D0-8D11-00A0C91BC942}") = "AreaOfRoom", "AreaOfRoom\AreaOfRoom.vcxproj", "{4EF53F30-6D7F-4C77-ADEC-7F005D05AAB7}"
EndProject
Project("{8BC9CEB8-8B4A-11D0-8D11-00A0C91BC942}") = "Spiral", "Spiral\Spiral.vcxproj", "{373C13BC-491E-465C-9F58-2ECD85386929}"
EndProject
Project("{8BC9CEB8-8B4A-11D0-8D11-00A0C91BC942}") = "Snake", "Snake\Snake.vcxproj", "{CEF3395A-2901-413E-8315-42BA7DFB855B}"
EndProject
Project("{8BC9CEB8-8B4A-11D0-8D11-00A0C91BC942}") = "Strings", "Strings\Strings.vcxproj", "{68483E8D-4387-4176-8D57-261275FDCEE4}"
EndProject
Project("{8BC9CEB8-8B4A-11D0-8D11-00A0C91BC942}") = "Tetris", "Tetris\Tetris.vcxproj", "{3081DFBD-5A75-47E5-BE65-42C5DD76211A}"
EndProject
Project("{8BC9CEB8-8B4A-11D0-8D11-00A0C91BC942}") = "BoredProject", "BoredProject\BoredProject.vcxproj", "{DCC84527-980F-41BF-8E78-24E2FB06576F}"
EndProject
Project("{8BC9CEB8-8B4A-11D0-8D11-00A0C91BC942}") = "Checker", "Checker\Checker.vcxproj", "{9FC11961-D20B-460E-B95B-654342BDD3E5}"
EndProject
Project("{8BC9CEB8-8B4A-11D0-8D11-00A0C91BC942}") = "Dynamics", "Dynamics\Dynamics.vcxproj", "{78AB7B2E-D55B-4999-91D1-785B6C419D2D}"
EndProject
Project("{8BC9CEB8-8B4A-11D0-8D11-00A0C91BC942}") = "Levenstein", "Levenstein\Levenstein.vcxproj", "{363AE174-56EF-4B2B-8A03-7BEA5D344C67}"
EndProject
Project("{8BC9CEB8-8B4A-11D0-8D11-00A0C91BC942}") = "SettlingPoints", "SettlingPoints\SettlingPoints.vcxproj", "{9D4CB142-5DE8-4C1F-B8D4-E148D47E0FCB}"
EndProject
Project("{8BC9CEB8-8B4A-11D0-8D11-00A0C91BC942}") = "LinkedList", "LinkedList\LinkedList.vcxproj", "{11CEB70F-2CFB-451C-9978-8ADF165407C6}"
EndProject
Project("{8BC9CEB8-8B4A-11D0-8D11-00A0C91BC942}") = "Problems", "Problems\Problems.vcxproj", "{25CDD6D3-D3BA-4A1C-A30F-FC01279FDCEB}"
EndProject
Project("{8BC9CEB8-8B4A-11D0-8D11-00A0C91BC942}") = "bubble sort", "bubble sort\bubble sort.vcxproj", "{1B3F0EE7-8190-4E1D-BF54-779533ED6A00}"
EndProject
Project("{8BC9CEB8-8B4A-11D0-8D11-00A0C91BC942}") = "DataStructures", "DataStructures\DataStructures.vcxproj", "{0CB58F00-1BA1-4700-B611-CA30D6D9CCC9}"
EndProject
Project("{8BC9CEB8-8B4A-11D0-8D11-00A0C91BC942}") = "FileSystem", "FileSystem\FileSystem.vcxproj", "{D7CEBC02-358E-431A-951D-5D3D28D2E93B}"
EndProject
Project("{8BC9CEB8-8B4A-11D0-8D11-00A0C91BC942}") = "SUDI", "SUDI\SUDI.vcxproj", "{B8884FAF-D951-4102-9849-D1C39670136D}"
EndProject
Project("{8BC9CEB8-8B4A-11D0-8D11-00A0C91BC942}") = "FindMost", "FindMost\FindMost.vcxproj", "{697864D1-B0A9-477D-8A53-BA08C5B1A947}"
EndProject
Project("{8BC9CEB8-8B4A-11D0-8D11-00A0C91BC942}") = "Closest", "Closest\Closest.vcxproj", "{43621544-5237-4E02-89B5-B5BB58D76B30}"
EndProject
Project("{8BC9CEB8-8B4A-11D0-8D11-00A0C91BC942}") = "OOPTrial", "OOPTrial\OOPTrial.vcxproj", "{DE1A5B17-EC3D-4563-8194-E93BDEA7E0DE}"
EndProject
Project("{8BC9CEB8-8B4A-11D0-8D11-00A0C91BC942}") = "Sample", "Sample\Sample.vcxproj", "{63E853F7-E5EA-4CA1-96A0-E5DB5E9C61EF}"
EndProject
Project("{8BC9CEB8-8B4A-11D0-8D11-00A0C91BC942}") = "Hamming", "Hamming\Hamming.vcxproj", "{1C30F544-CCE0-4417-A236-EB0FBF6FC5E1}"
EndProject
Project("{8BC9CEB8-8B4A-11D0-8D11-00A0C91BC942}") = "Quiz", "Quiz\Quiz.vcxproj", "{793DB8F6-2396-42CA-BCD3-37C5D02A6B96}"
EndProject
Global
	GlobalSection(SolutionConfigurationPlatforms) = preSolution
		Debug|x64 = Debug|x64
		Debug|x86 = Debug|x86
		Release|x64 = Release|x64
		Release|x86 = Release|x86
	EndGlobalSection
	GlobalSection(ProjectConfigurationPlatforms) = postSolution
		{9EAA7594-40AC-41AA-89B2-C858155D51AA}.Debug|x64.ActiveCfg = Debug|x64
		{9EAA7594-40AC-41AA-89B2-C858155D51AA}.Debug|x64.Build.0 = Debug|x64
		{9EAA7594-40AC-41AA-89B2-C858155D51AA}.Debug|x86.ActiveCfg = Debug|Win32
		{9EAA7594-40AC-41AA-89B2-C858155D51AA}.Debug|x86.Build.0 = Debug|Win32
		{9EAA7594-40AC-41AA-89B2-C858155D51AA}.Release|x64.ActiveCfg = Release|x64
		{9EAA7594-40AC-41AA-89B2-C858155D51AA}.Release|x64.Build.0 = Release|x64
		{9EAA7594-40AC-41AA-89B2-C858155D51AA}.Release|x86.ActiveCfg = Release|Win32
		{9EAA7594-40AC-41AA-89B2-C858155D51AA}.Release|x86.Build.0 = Release|Win32
		{54B39AA5-07DF-4403-99AD-F75018CAB094}.Debug|x64.ActiveCfg = Debug|x64
		{54B39AA5-07DF-4403-99AD-F75018CAB094}.Debug|x64.Build.0 = Debug|x64
		{54B39AA5-07DF-4403-99AD-F75018CAB094}.Debug|x86.ActiveCfg = Debug|Win32
		{54B39AA5-07DF-4403-99AD-F75018CAB094}.Debug|x86.Build.0 = Debug|Win32
		{54B39AA5-07DF-4403-99AD-F75018CAB094}.Release|x64.ActiveCfg = Release|x64
		{54B39AA5-07DF-4403-99AD-F75018CAB094}.Release|x64.Build.0 = Release|x64
		{54B39AA5-07DF-4403-99AD-F75018CAB094}.Release|x86.ActiveCfg = Release|Win32
		{54B39AA5-07DF-4403-99AD-F75018CAB094}.Release|x86.Build.0 = Release|Win32
		{E163F681-20B8-4E07-85E7-3AEE8E9B725C}.Debug|x64.ActiveCfg = Debug|x64
		{E163F681-20B8-4E07-85E7-3AEE8E9B725C}.Debug|x64.Build.0 = Debug|x64
		{E163F681-20B8-4E07-85E7-3AEE8E9B725C}.Debug|x86.ActiveCfg = Debug|Win32
		{E163F681-20B8-4E07-85E7-3AEE8E9B725C}.Debug|x86.Build.0 = Debug|Win32
		{E163F681-20B8-4E07-85E7-3AEE8E9B725C}.Release|x64.ActiveCfg = Release|x64
		{E163F681-20B8-4E07-85E7-3AEE8E9B725C}.Release|x64.Build.0 = Release|x64
		{E163F681-20B8-4E07-85E7-3AEE8E9B725C}.Release|x86.ActiveCfg = Release|Win32
		{E163F681-20B8-4E07-85E7-3AEE8E9B725C}.Release|x86.Build.0 = Release|Win32
		{AC34CC21-DA6F-4410-90DD-0904492A3C51}.Debug|x64.ActiveCfg = Debug|x64
		{AC34CC21-DA6F-4410-90DD-0904492A3C51}.Debug|x64.Build.0 = Debug|x64
		{AC34CC21-DA6F-4410-90DD-0904492A3C51}.Debug|x86.ActiveCfg = Debug|Win32
		{AC34CC21-DA6F-4410-90DD-0904492A3C51}.Debug|x86.Build.0 = Debug|Win32
		{AC34CC21-DA6F-4410-90DD-0904492A3C51}.Release|x64.ActiveCfg = Release|x64
		{AC34CC21-DA6F-4410-90DD-0904492A3C51}.Release|x64.Build.0 = Release|x64
		{AC34CC21-DA6F-4410-90DD-0904492A3C51}.Release|x86.ActiveCfg = Release|Win32
		{AC34CC21-DA6F-4410-90DD-0904492A3C51}.Release|x86.Build.0 = Release|Win32
		{4EF53F30-6D7F-4C77-ADEC-7F005D05AAB7}.Debug|x64.ActiveCfg = Debug|x64
		{4EF53F30-6D7F-4C77-ADEC-7F005D05AAB7}.Debug|x64.Build.0 = Debug|x64
		{4EF53F30-6D7F-4C77-ADEC-7F005D05AAB7}.Debug|x86.ActiveCfg = Debug|Win32
		{4EF53F30-6D7F-4C77-ADEC-7F005D05AAB7}.Debug|x86.Build.0 = Debug|Win32
		{4EF53F30-6D7F-4C77-ADEC-7F005D05AAB7}.Release|x64.ActiveCfg = Release|x64
		{4EF53F30-6D7F-4C77-ADEC-7F005D05AAB7}.Release|x64.Build.0 = Release|x64
		{4EF53F30-6D7F-4C77-ADEC-7F005D05AAB7}.Release|x86.ActiveCfg = Release|Win32
		{4EF53F30-6D7F-4C77-ADEC-7F005D05AAB7}.Release|x86.Build.0 = Release|Win32
		{373C13BC-491E-465C-9F58-2ECD85386929}.Debug|x64.ActiveCfg = Debug|x64
		{373C13BC-491E-465C-9F58-2ECD85386929}.Debug|x64.Build.0 = Debug|x64
		{373C13BC-491E-465C-9F58-2ECD85386929}.Debug|x86.ActiveCfg = Debug|Win32
		{373C13BC-491E-465C-9F58-2ECD85386929}.Debug|x86.Build.0 = Debug|Win32
		{373C13BC-491E-465C-9F58-2ECD85386929}.Release|x64.ActiveCfg = Release|x64
		{373C13BC-491E-465C-9F58-2ECD85386929}.Release|x64.Build.0 = Release|x64
		{373C13BC-491E-465C-9F58-2ECD85386929}.Release|x86.ActiveCfg = Release|Win32
		{373C13BC-491E-465C-9F58-2ECD85386929}.Release|x86.Build.0 = Release|Win32
		{CEF3395A-2901-413E-8315-42BA7DFB855B}.Debug|x64.ActiveCfg = Debug|x64
		{CEF3395A-2901-413E-8315-42BA7DFB855B}.Debug|x64.Build.0 = Debug|x64
		{CEF3395A-2901-413E-8315-42BA7DFB855B}.Debug|x86.ActiveCfg = Debug|Win32
		{CEF3395A-2901-413E-8315-42BA7DFB855B}.Debug|x86.Build.0 = Debug|Win32
		{CEF3395A-2901-413E-8315-42BA7DFB855B}.Release|x64.ActiveCfg = Release|x64
		{CEF3395A-2901-413E-8315-42BA7DFB855B}.Release|x64.Build.0 = Release|x64
		{CEF3395A-2901-413E-8315-42BA7DFB855B}.Release|x86.ActiveCfg = Release|Win32
		{CEF3395A-2901-413E-8315-42BA7DFB855B}.Release|x86.Build.0 = Release|Win32
		{68483E8D-4387-4176-8D57-261275FDCEE4}.Debug|x64.ActiveCfg = Debug|x64
		{68483E8D-4387-4176-8D57-261275FDCEE4}.Debug|x64.Build.0 = Debug|x64
		{68483E8D-4387-4176-8D57-261275FDCEE4}.Debug|x86.ActiveCfg = Debug|Win32
		{68483E8D-4387-4176-8D57-261275FDCEE4}.Debug|x86.Build.0 = Debug|Win32
		{68483E8D-4387-4176-8D57-261275FDCEE4}.Release|x64.ActiveCfg = Release|x64
		{68483E8D-4387-4176-8D57-261275FDCEE4}.Release|x64.Build.0 = Release|x64
		{68483E8D-4387-4176-8D57-261275FDCEE4}.Release|x86.ActiveCfg = Release|Win32
		{68483E8D-4387-4176-8D57-261275FDCEE4}.Release|x86.Build.0 = Release|Win32
		{3081DFBD-5A75-47E5-BE65-42C5DD76211A}.Debug|x64.ActiveCfg = Debug|x64
		{3081DFBD-5A75-47E5-BE65-42C5DD76211A}.Debug|x64.Build.0 = Debug|x64
		{3081DFBD-5A75-47E5-BE65-42C5DD76211A}.Debug|x86.ActiveCfg = Debug|Win32
		{3081DFBD-5A75-47E5-BE65-42C5DD76211A}.Debug|x86.Build.0 = Debug|Win32
		{3081DFBD-5A75-47E5-BE65-42C5DD76211A}.Release|x64.ActiveCfg = Release|x64
		{3081DFBD-5A75-47E5-BE65-42C5DD76211A}.Release|x64.Build.0 = Release|x64
		{3081DFBD-5A75-47E5-BE65-42C5DD76211A}.Release|x86.ActiveCfg = Release|Win32
		{3081DFBD-5A75-47E5-BE65-42C5DD76211A}.Release|x86.Build.0 = Release|Win32
		{DCC84527-980F-41BF-8E78-24E2FB06576F}.Debug|x64.ActiveCfg = Debug|x64
		{DCC84527-980F-41BF-8E78-24E2FB06576F}.Debug|x64.Build.0 = Debug|x64
		{DCC84527-980F-41BF-8E78-24E2FB06576F}.Debug|x86.ActiveCfg = Debug|Win32
		{DCC84527-980F-41BF-8E78-24E2FB06576F}.Debug|x86.Build.0 = Debug|Win32
		{DCC84527-980F-41BF-8E78-24E2FB06576F}.Release|x64.ActiveCfg = Release|x64
		{DCC84527-980F-41BF-8E78-24E2FB06576F}.Release|x64.Build.0 = Release|x64
		{DCC84527-980F-41BF-8E78-24E2FB06576F}.Release|x86.ActiveCfg = Release|Win32
		{DCC84527-980F-41BF-8E78-24E2FB06576F}.Release|x86.Build.0 = Release|Win32
		{9FC11961-D20B-460E-B95B-654342BDD3E5}.Debug|x64.ActiveCfg = Debug|x64
		{9FC11961-D20B-460E-B95B-654342BDD3E5}.Debug|x64.Build.0 = Debug|x64
		{9FC11961-D20B-460E-B95B-654342BDD3E5}.Debug|x86.ActiveCfg = Debug|Win32
		{9FC11961-D20B-460E-B95B-654342BDD3E5}.Debug|x86.Build.0 = Debug|Win32
		{9FC11961-D20B-460E-B95B-654342BDD3E5}.Release|x64.ActiveCfg = Release|x64
		{9FC11961-D20B-460E-B95B-654342BDD3E5}.Release|x64.Build.0 = Release|x64
		{9FC11961-D20B-460E-B95B-654342BDD3E5}.Release|x86.ActiveCfg = Release|Win32
		{9FC11961-D20B-460E-B95B-654342BDD3E5}.Release|x86.Build.0 = Release|Win32
		{78AB7B2E-D55B-4999-91D1-785B6C419D2D}.Debug|x64.ActiveCfg = Debug|x64
		{78AB7B2E-D55B-4999-91D1-785B6C419D2D}.Debug|x64.Build.0 = Debug|x64
		{78AB7B2E-D55B-4999-91D1-785B6C419D2D}.Debug|x86.ActiveCfg = Debug|Win32
		{78AB7B2E-D55B-4999-91D1-785B6C419D2D}.Debug|x86.Build.0 = Debug|Win32
		{78AB7B2E-D55B-4999-91D1-785B6C419D2D}.Release|x64.ActiveCfg = Release|x64
		{78AB7B2E-D55B-4999-91D1-785B6C419D2D}.Release|x64.Build.0 = Release|x64
		{78AB7B2E-D55B-4999-91D1-785B6C419D2D}.Release|x86.ActiveCfg = Release|Win32
		{78AB7B2E-D55B-4999-91D1-785B6C419D2D}.Release|x86.Build.0 = Release|Win32
		{363AE174-56EF-4B2B-8A03-7BEA5D344C67}.Debug|x64.ActiveCfg = Debug|x64
		{363AE174-56EF-4B2B-8A03-7BEA5D344C67}.Debug|x64.Build.0 = Debug|x64
		{363AE174-56EF-4B2B-8A03-7BEA5D344C67}.Debug|x86.ActiveCfg = Debug|Win32
		{363AE174-56EF-4B2B-8A03-7BEA5D344C67}.Debug|x86.Build.0 = Debug|Win32
		{363AE174-56EF-4B2B-8A03-7BEA5D344C67}.Release|x64.ActiveCfg = Release|x64
		{363AE174-56EF-4B2B-8A03-7BEA5D344C67}.Release|x64.Build.0 = Release|x64
		{363AE174-56EF-4B2B-8A03-7BEA5D344C67}.Release|x86.ActiveCfg = Release|Win32
		{363AE174-56EF-4B2B-8A03-7BEA5D344C67}.Release|x86.Build.0 = Release|Win32
		{9D4CB142-5DE8-4C1F-B8D4-E148D47E0FCB}.Debug|x64.ActiveCfg = Debug|x64
		{9D4CB142-5DE8-4C1F-B8D4-E148D47E0FCB}.Debug|x64.Build.0 = Debug|x64
		{9D4CB142-5DE8-4C1F-B8D4-E148D47E0FCB}.Debug|x86.ActiveCfg = Debug|Win32
		{9D4CB142-5DE8-4C1F-B8D4-E148D47E0FCB}.Debug|x86.Build.0 = Debug|Win32
		{9D4CB142-5DE8-4C1F-B8D4-E148D47E0FCB}.Release|x64.ActiveCfg = Release|x64
		{9D4CB142-5DE8-4C1F-B8D4-E148D47E0FCB}.Release|x64.Build.0 = Release|x64
		{9D4CB142-5DE8-4C1F-B8D4-E148D47E0FCB}.Release|x86.ActiveCfg = Release|Win32
		{9D4CB142-5DE8-4C1F-B8D4-E148D47E0FCB}.Release|x86.Build.0 = Release|Win32
		{11CEB70F-2CFB-451C-9978-8ADF165407C6}.Debug|x64.ActiveCfg = Debug|x64
		{11CEB70F-2CFB-451C-9978-8ADF165407C6}.Debug|x64.Build.0 = Debug|x64
		{11CEB70F-2CFB-451C-9978-8ADF165407C6}.Debug|x86.ActiveCfg = Debug|Win32
		{11CEB70F-2CFB-451C-9978-8ADF165407C6}.Debug|x86.Build.0 = Debug|Win32
		{11CEB70F-2CFB-451C-9978-8ADF165407C6}.Release|x64.ActiveCfg = Release|x64
		{11CEB70F-2CFB-451C-9978-8ADF165407C6}.Release|x64.Build.0 = Release|x64
		{11CEB70F-2CFB-451C-9978-8ADF165407C6}.Release|x86.ActiveCfg = Release|Win32
		{11CEB70F-2CFB-451C-9978-8ADF165407C6}.Release|x86.Build.0 = Release|Win32
		{25CDD6D3-D3BA-4A1C-A30F-FC01279FDCEB}.Debug|x64.ActiveCfg = Debug|x64
		{25CDD6D3-D3BA-4A1C-A30F-FC01279FDCEB}.Debug|x64.Build.0 = Debug|x64
		{25CDD6D3-D3BA-4A1C-A30F-FC01279FDCEB}.Debug|x86.ActiveCfg = Debug|Win32
		{25CDD6D3-D3BA-4A1C-A30F-FC01279FDCEB}.Debug|x86.Build.0 = Debug|Win32
		{25CDD6D3-D3BA-4A1C-A30F-FC01279FDCEB}.Release|x64.ActiveCfg = Release|x64
		{25CDD6D3-D3BA-4A1C-A30F-FC01279FDCEB}.Release|x64.Build.0 = Release|x64
		{25CDD6D3-D3BA-4A1C-A30F-FC01279FDCEB}.Release|x86.ActiveCfg = Release|Win32
		{25CDD6D3-D3BA-4A1C-A30F-FC01279FDCEB}.Release|x86.Build.0 = Release|Win32
		{1B3F0EE7-8190-4E1D-BF54-779533ED6A00}.Debug|x64.ActiveCfg = Debug|x64
		{1B3F0EE7-8190-4E1D-BF54-779533ED6A00}.Debug|x64.Build.0 = Debug|x64
		{1B3F0EE7-8190-4E1D-BF54-779533ED6A00}.Debug|x86.ActiveCfg = Debug|Win32
		{1B3F0EE7-8190-4E1D-BF54-779533ED6A00}.Debug|x86.Build.0 = Debug|Win32
		{1B3F0EE7-8190-4E1D-BF54-779533ED6A00}.Release|x64.ActiveCfg = Release|x64
		{1B3F0EE7-8190-4E1D-BF54-779533ED6A00}.Release|x64.Build.0 = Release|x64
		{1B3F0EE7-8190-4E1D-BF54-779533ED6A00}.Release|x86.ActiveCfg = Release|Win32
		{1B3F0EE7-8190-4E1D-BF54-779533ED6A00}.Release|x86.Build.0 = Release|Win32
		{0CB58F00-1BA1-4700-B611-CA30D6D9CCC9}.Debug|x64.ActiveCfg = Debug|x64
		{0CB58F00-1BA1-4700-B611-CA30D6D9CCC9}.Debug|x64.Build.0 = Debug|x64
		{0CB58F00-1BA1-4700-B611-CA30D6D9CCC9}.Debug|x86.ActiveCfg = Debug|Win32
		{0CB58F00-1BA1-4700-B611-CA30D6D9CCC9}.Debug|x86.Build.0 = Debug|Win32
		{0CB58F00-1BA1-4700-B611-CA30D6D9CCC9}.Release|x64.ActiveCfg = Release|x64
		{0CB58F00-1BA1-4700-B611-CA30D6D9CCC9}.Release|x64.Build.0 = Release|x64
		{0CB58F00-1BA1-4700-B611-CA30D6D9CCC9}.Release|x86.ActiveCfg = Release|Win32
		{0CB58F00-1BA1-4700-B611-CA30D6D9CCC9}.Release|x86.Build.0 = Release|Win32
		{D7CEBC02-358E-431A-951D-5D3D28D2E93B}.Debug|x64.ActiveCfg = Debug|x64
		{D7CEBC02-358E-431A-951D-5D3D28D2E93B}.Debug|x64.Build.0 = Debug|x64
		{D7CEBC02-358E-431A-951D-5D3D28D2E93B}.Debug|x86.ActiveCfg = Debug|Win32
		{D7CEBC02-358E-431A-951D-5D3D28D2E93B}.Debug|x86.Build.0 = Debug|Win32
		{D7CEBC02-358E-431A-951D-5D3D28D2E93B}.Release|x64.ActiveCfg = Release|x64
		{D7CEBC02-358E-431A-951D-5D3D28D2E93B}.Release|x64.Build.0 = Release|x64
		{D7CEBC02-358E-431A-951D-5D3D28D2E93B}.Release|x86.ActiveCfg = Release|Win32
		{D7CEBC02-358E-431A-951D-5D3D28D2E93B}.Release|x86.Build.0 = Release|Win32
		{B8884FAF-D951-4102-9849-D1C39670136D}.Debug|x64.ActiveCfg = Debug|x64
		{B8884FAF-D951-4102-9849-D1C39670136D}.Debug|x64.Build.0 = Debug|x64
		{B8884FAF-D951-4102-9849-D1C39670136D}.Debug|x86.ActiveCfg = Debug|Win32
		{B8884FAF-D951-4102-9849-D1C39670136D}.Debug|x86.Build.0 = Debug|Win32
		{B8884FAF-D951-4102-9849-D1C39670136D}.Release|x64.ActiveCfg = Release|x64
		{B8884FAF-D951-4102-9849-D1C39670136D}.Release|x64.Build.0 = Release|x64
		{B8884FAF-D951-4102-9849-D1C39670136D}.Release|x86.ActiveCfg = Release|Win32
		{B8884FAF-D951-4102-9849-D1C39670136D}.Release|x86.Build.0 = Release|Win32
		{697864D1-B0A9-477D-8A53-BA08C5B1A947}.Debug|x64.ActiveCfg = Debug|x64
		{697864D1-B0A9-477D-8A53-BA08C5B1A947}.Debug|x64.Build.0 = Debug|x64
		{697864D1-B0A9-477D-8A53-BA08C5B1A947}.Debug|x86.ActiveCfg = Debug|Win32
		{697864D1-B0A9-477D-8A53-BA08C5B1A947}.Debug|x86.Build.0 = Debug|Win32
		{697864D1-B0A9-477D-8A53-BA08C5B1A947}.Release|x64.ActiveCfg = Release|x64
		{697864D1-B0A9-477D-8A53-BA08C5B1A947}.Release|x64.Build.0 = Release|x64
		{697864D1-B0A9-477D-8A53-BA08C5B1A947}.Release|x86.ActiveCfg = Release|Win32
		{697864D1-B0A9-477D-8A53-BA08C5B1A947}.Release|x86.Build.0 = Release|Win32
		{43621544-5237-4E02-89B5-B5BB58D76B30}.Debug|x64.ActiveCfg = Debug|x64
		{43621544-5237-4E02-89B5-B5BB58D76B30}.Debug|x64.Build.0 = Debug|x64
		{43621544-5237-4E02-89B5-B5BB58D76B30}.Debug|x86.ActiveCfg = Debug|Win32
		{43621544-5237-4E02-89B5-B5BB58D76B30}.Debug|x86.Build.0 = Debug|Win32
		{43621544-5237-4E02-89B5-B5BB58D76B30}.Release|x64.ActiveCfg = Release|x64
		{43621544-5237-4E02-89B5-B5BB58D76B30}.Release|x64.Build.0 = Release|x64
		{43621544-5237-4E02-89B5-B5BB58D76B30}.Release|x86.ActiveCfg = Release|Win32
		{43621544-5237-4E02-89B5-B5BB58D76B30}.Release|x86.Build.0 = Release|Win32
		{DE1A5B17-EC3D-4563-8194-E93BDEA7E0DE}.Debug|x64.ActiveCfg = Debug|x64
		{DE1A5B17-EC3D-4563-8194-E93BDEA7E0DE}.Debug|x64.Build.0 = Debug|x64
		{DE1A5B17-EC3D-4563-8194-E93BDEA7E0DE}.Debug|x86.ActiveCfg = Debug|Win32
		{DE1A5B17-EC3D-4563-8194-E93BDEA7E0DE}.Debug|x86.Build.0 = Debug|Win32
		{DE1A5B17-EC3D-4563-8194-E93BDEA7E0DE}.Release|x64.ActiveCfg = Release|x64
		{DE1A5B17-EC3D-4563-8194-E93BDEA7E0DE}.Release|x64.Build.0 = Release|x64
		{DE1A5B17-EC3D-4563-8194-E93BDEA7E0DE}.Release|x86.ActiveCfg = Release|Win32
		{DE1A5B17-EC3D-4563-8194-E93BDEA7E0DE}.Release|x86.Build.0 = Release|Win32
		{63E853F7-E5EA-4CA1-96A0-E5DB5E9C61EF}.Debug|x64.ActiveCfg = Debug|x64
		{63E853F7-E5EA-4CA1-96A0-E5DB5E9C61EF}.Debug|x64.Build.0 = Debug|x64
		{63E853F7-E5EA-4CA1-96A0-E5DB5E9C61EF}.Debug|x86.ActiveCfg = Debug|Win32
		{63E853F7-E5EA-4CA1-96A0-E5DB5E9C61EF}.Debug|x86.Build.0 = Debug|Win32
		{63E853F7-E5EA-4CA1-96A0-E5DB5E9C61EF}.Release|x64.ActiveCfg = Release|x64
		{63E853F7-E5EA-4CA1-96A0-E5DB5E9C61EF}.Release|x64.Build.0 = Release|x64
		{63E853F7-E5EA-4CA1-96A0-E5DB5E9C61EF}.Release|x86.ActiveCfg = Release|Win32
		{63E853F7-E5EA-4CA1-96A0-E5DB5E9C61EF}.Release|x86.Build.0 = Release|Win32
		{1C30F544-CCE0-4417-A236-EB0FBF6FC5E1}.Debug|x64.ActiveCfg = Debug|x64
		{1C30F544-CCE0-4417-A236-EB0FBF6FC5E1}.Debug|x64.Build.0 = Debug|x64
		{1C30F544-CCE0-4417-A236-EB0FBF6FC5E1}.Debug|x86.ActiveCfg = Debug|Win32
		{1C30F544-CCE0-4417-A236-EB0FBF6FC5E1}.Debug|x86.Build.0 = Debug|Win32
		{1C30F544-CCE0-4417-A236-EB0FBF6FC5E1}.Release|x64.ActiveCfg = Release|x64
		{1C30F544-CCE0-4417-A236-EB0FBF6FC5E1}.Release|x64.Build.0 = Release|x64
		{1C30F544-CCE0-4417-A236-EB0FBF6FC5E1}.Release|x86.ActiveCfg = Release|Win32
		{1C30F544-CCE0-4417-A236-EB0FBF6FC5E1}.Release|x86.Build.0 = Release|Win32
		{793DB8F6-2396-42CA-BCD3-37C5D02A6B96}.Debug|x64.ActiveCfg = Debug|x64
		{793DB8F6-2396-42CA-BCD3-37C5D02A6B96}.Debug|x64.Build.0 = Debug|x64
		{793DB8F6-2396-42CA-BCD3-37C5D02A6B96}.Debug|x86.ActiveCfg = Debug|Win32
		{793DB8F6-2396-42CA-BCD3-37C5D02A6B96}.Debug|x86.Build.0 = Debug|Win32
		{793DB8F6-2396-42CA-BCD3-37C5D02A6B96}.Release|x64.ActiveCfg = Release|x64
		{793DB8F6-2396-42CA-BCD3-37C5D02A6B96}.Release|x64.Build.0 = Release|x64
		{793DB8F6-2396-42CA-BCD3-37C5D02A6B96}.Release|x86.ActiveCfg = Release|Win32
		{793DB8F6-2396-42CA-BCD3-37C5D02A6B96}.Release|x86.Build.0 = Release|Win32
	EndGlobalSection
	GlobalSection(SolutionProperties) = preSolution
		HideSolutionNode = FALSE
	EndGlobalSection
	GlobalSection(ExtensibilityGlobals) = postSolution
		SolutionGuid = {23CE461D-3EEA-45CA-B893-A9D6098EF920}
	EndGlobalSection
EndGlobal
