
Microsoft Visual Studio Solution File, Format Version 12.00
# Visual Studio 15
VisualStudioVersion = 15.0.27428.2015
MinimumVisualStudioVersion = 10.0.40219.1
Project("{8BC9CEB8-8B4A-11D0-8D11-00A0C91BC942}") = "1.1", "Simple-OOP\Simple-OOP.vcxproj", "{28F3D66C-C686-457E-A362-90DF6FC0DD3B}"
EndProject
Project("{8BC9CEB8-8B4A-11D0-8D11-00A0C91BC942}") = "1.2", "1.2\1.2.vcxproj", "{C1FE56D1-0417-403A-9F7D-DC15C2EE2E6E}"
EndProject
Project("{8BC9CEB8-8B4A-11D0-8D11-00A0C91BC942}") = "1.3", "1.3\1.3.vcxproj", "{0BEDFF11-46E6-435C-A7E2-ED1468230588}"
EndProject
Project("{8BC9CEB8-8B4A-11D0-8D11-00A0C91BC942}") = "1.4", "1.4\1.4.vcxproj", "{A365C0F1-0CE5-4F96-8C41-0FD9E752E470}"
EndProject
Project("{8BC9CEB8-8B4A-11D0-8D11-00A0C91BC942}") = "1.5", "1.5\1.5.vcxproj", "{AFA737FA-7976-4BC0-A62C-8D8A7308CCA4}"
EndProject
Project("{8BC9CEB8-8B4A-11D0-8D11-00A0C91BC942}") = "1.6", "1.6\1.6.vcxproj", "{BD7599A0-BE09-4113-81AF-CAD8E79494EF}"
EndProject
Project("{8BC9CEB8-8B4A-11D0-8D11-00A0C91BC942}") = "1.7", "1.7\1.7.vcxproj", "{1B15307B-89D0-4569-BB41-AAA241B97D50}"
EndProject
Project("{8BC9CEB8-8B4A-11D0-8D11-00A0C91BC942}") = "1.8", "1.8\1.8.vcxproj", "{491F6F62-60BF-4EF5-8030-E26A54796FA6}"
EndProject
Global
	GlobalSection(SolutionConfigurationPlatforms) = preSolution
		Debug|x64 = Debug|x64
		Debug|x86 = Debug|x86
		Release|x64 = Release|x64
		Release|x86 = Release|x86
	EndGlobalSection
	GlobalSection(ProjectConfigurationPlatforms) = postSolution
		{28F3D66C-C686-457E-A362-90DF6FC0DD3B}.Debug|x64.ActiveCfg = Debug|x64
		{28F3D66C-C686-457E-A362-90DF6FC0DD3B}.Debug|x64.Build.0 = Debug|x64
		{28F3D66C-C686-457E-A362-90DF6FC0DD3B}.Debug|x86.ActiveCfg = Debug|Win32
		{28F3D66C-C686-457E-A362-90DF6FC0DD3B}.Debug|x86.Build.0 = Debug|Win32
		{28F3D66C-C686-457E-A362-90DF6FC0DD3B}.Release|x64.ActiveCfg = Release|x64
		{28F3D66C-C686-457E-A362-90DF6FC0DD3B}.Release|x64.Build.0 = Release|x64
		{28F3D66C-C686-457E-A362-90DF6FC0DD3B}.Release|x86.ActiveCfg = Release|Win32
		{28F3D66C-C686-457E-A362-90DF6FC0DD3B}.Release|x86.Build.0 = Release|Win32
		{C1FE56D1-0417-403A-9F7D-DC15C2EE2E6E}.Debug|x64.ActiveCfg = Debug|x64
		{C1FE56D1-0417-403A-9F7D-DC15C2EE2E6E}.Debug|x64.Build.0 = Debug|x64
		{C1FE56D1-0417-403A-9F7D-DC15C2EE2E6E}.Debug|x86.ActiveCfg = Debug|Win32
		{C1FE56D1-0417-403A-9F7D-DC15C2EE2E6E}.Debug|x86.Build.0 = Debug|Win32
		{C1FE56D1-0417-403A-9F7D-DC15C2EE2E6E}.Release|x64.ActiveCfg = Release|x64
		{C1FE56D1-0417-403A-9F7D-DC15C2EE2E6E}.Release|x64.Build.0 = Release|x64
		{C1FE56D1-0417-403A-9F7D-DC15C2EE2E6E}.Release|x86.ActiveCfg = Release|Win32
		{C1FE56D1-0417-403A-9F7D-DC15C2EE2E6E}.Release|x86.Build.0 = Release|Win32
		{0BEDFF11-46E6-435C-A7E2-ED1468230588}.Debug|x64.ActiveCfg = Debug|x64
		{0BEDFF11-46E6-435C-A7E2-ED1468230588}.Debug|x64.Build.0 = Debug|x64
		{0BEDFF11-46E6-435C-A7E2-ED1468230588}.Debug|x86.ActiveCfg = Debug|Win32
		{0BEDFF11-46E6-435C-A7E2-ED1468230588}.Debug|x86.Build.0 = Debug|Win32
		{0BEDFF11-46E6-435C-A7E2-ED1468230588}.Release|x64.ActiveCfg = Release|x64
		{0BEDFF11-46E6-435C-A7E2-ED1468230588}.Release|x64.Build.0 = Release|x64
		{0BEDFF11-46E6-435C-A7E2-ED1468230588}.Release|x86.ActiveCfg = Release|Win32
		{0BEDFF11-46E6-435C-A7E2-ED1468230588}.Release|x86.Build.0 = Release|Win32
		{A365C0F1-0CE5-4F96-8C41-0FD9E752E470}.Debug|x64.ActiveCfg = Debug|x64
		{A365C0F1-0CE5-4F96-8C41-0FD9E752E470}.Debug|x64.Build.0 = Debug|x64
		{A365C0F1-0CE5-4F96-8C41-0FD9E752E470}.Debug|x86.ActiveCfg = Debug|Win32
		{A365C0F1-0CE5-4F96-8C41-0FD9E752E470}.Debug|x86.Build.0 = Debug|Win32
		{A365C0F1-0CE5-4F96-8C41-0FD9E752E470}.Release|x64.ActiveCfg = Release|x64
		{A365C0F1-0CE5-4F96-8C41-0FD9E752E470}.Release|x64.Build.0 = Release|x64
		{A365C0F1-0CE5-4F96-8C41-0FD9E752E470}.Release|x86.ActiveCfg = Release|Win32
		{A365C0F1-0CE5-4F96-8C41-0FD9E752E470}.Release|x86.Build.0 = Release|Win32
		{AFA737FA-7976-4BC0-A62C-8D8A7308CCA4}.Debug|x64.ActiveCfg = Debug|x64
		{AFA737FA-7976-4BC0-A62C-8D8A7308CCA4}.Debug|x64.Build.0 = Debug|x64
		{AFA737FA-7976-4BC0-A62C-8D8A7308CCA4}.Debug|x86.ActiveCfg = Debug|Win32
		{AFA737FA-7976-4BC0-A62C-8D8A7308CCA4}.Debug|x86.Build.0 = Debug|Win32
		{AFA737FA-7976-4BC0-A62C-8D8A7308CCA4}.Release|x64.ActiveCfg = Release|x64
		{AFA737FA-7976-4BC0-A62C-8D8A7308CCA4}.Release|x64.Build.0 = Release|x64
		{AFA737FA-7976-4BC0-A62C-8D8A7308CCA4}.Release|x86.ActiveCfg = Release|Win32
		{AFA737FA-7976-4BC0-A62C-8D8A7308CCA4}.Release|x86.Build.0 = Release|Win32
		{BD7599A0-BE09-4113-81AF-CAD8E79494EF}.Debug|x64.ActiveCfg = Debug|x64
		{BD7599A0-BE09-4113-81AF-CAD8E79494EF}.Debug|x64.Build.0 = Debug|x64
		{BD7599A0-BE09-4113-81AF-CAD8E79494EF}.Debug|x86.ActiveCfg = Debug|Win32
		{BD7599A0-BE09-4113-81AF-CAD8E79494EF}.Debug|x86.Build.0 = Debug|Win32
		{BD7599A0-BE09-4113-81AF-CAD8E79494EF}.Release|x64.ActiveCfg = Release|x64
		{BD7599A0-BE09-4113-81AF-CAD8E79494EF}.Release|x64.Build.0 = Release|x64
		{BD7599A0-BE09-4113-81AF-CAD8E79494EF}.Release|x86.ActiveCfg = Release|Win32
		{BD7599A0-BE09-4113-81AF-CAD8E79494EF}.Release|x86.Build.0 = Release|Win32
		{1B15307B-89D0-4569-BB41-AAA241B97D50}.Debug|x64.ActiveCfg = Debug|x64
		{1B15307B-89D0-4569-BB41-AAA241B97D50}.Debug|x64.Build.0 = Debug|x64
		{1B15307B-89D0-4569-BB41-AAA241B97D50}.Debug|x86.ActiveCfg = Debug|Win32
		{1B15307B-89D0-4569-BB41-AAA241B97D50}.Debug|x86.Build.0 = Debug|Win32
		{1B15307B-89D0-4569-BB41-AAA241B97D50}.Release|x64.ActiveCfg = Release|x64
		{1B15307B-89D0-4569-BB41-AAA241B97D50}.Release|x64.Build.0 = Release|x64
		{1B15307B-89D0-4569-BB41-AAA241B97D50}.Release|x86.ActiveCfg = Release|Win32
		{1B15307B-89D0-4569-BB41-AAA241B97D50}.Release|x86.Build.0 = Release|Win32
		{491F6F62-60BF-4EF5-8030-E26A54796FA6}.Debug|x64.ActiveCfg = Debug|x64
		{491F6F62-60BF-4EF5-8030-E26A54796FA6}.Debug|x64.Build.0 = Debug|x64
		{491F6F62-60BF-4EF5-8030-E26A54796FA6}.Debug|x86.ActiveCfg = Debug|Win32
		{491F6F62-60BF-4EF5-8030-E26A54796FA6}.Debug|x86.Build.0 = Debug|Win32
		{491F6F62-60BF-4EF5-8030-E26A54796FA6}.Release|x64.ActiveCfg = Release|x64
		{491F6F62-60BF-4EF5-8030-E26A54796FA6}.Release|x64.Build.0 = Release|x64
		{491F6F62-60BF-4EF5-8030-E26A54796FA6}.Release|x86.ActiveCfg = Release|Win32
		{491F6F62-60BF-4EF5-8030-E26A54796FA6}.Release|x86.Build.0 = Release|Win32
	EndGlobalSection
	GlobalSection(SolutionProperties) = preSolution
		HideSolutionNode = FALSE
	EndGlobalSection
	GlobalSection(ExtensibilityGlobals) = postSolution
		SolutionGuid = {6FBED61B-A68B-4229-AFA4-4EB3659B86CD}
	EndGlobalSection
EndGlobal
